schema: '2.0'
stages:
  load_data:
    cmd: python src/load_data.py --config=params.yaml
    deps:
    - path: data_given/winequality_red.csv
      md5: 6a883fd98624e18c0b7ce251f4fab4fb
      size: 100951
    - path: src/get_data.py
      md5: 622ebb769a5d96606588d55823f83abe
      size: 815
    - path: src/load_data.py
      md5: c8c6187f9022f60d162afdf48ca9c9d8
      size: 866
    outs:
    - path: data/raw/winequality_red.csv
      md5: b81c95040ccc1f04820095a237ba3c61
      size: 95085
